
Microsoft Visual Studio Solution File, Format Version 12.00
# Visual Studio 14
VisualStudioVersion = 14.0.24720.0
MinimumVisualStudioVersion = 10.0.40219.1
Project("{FAE04EC0-301F-11D3-BF4B-00C04F79EFBC}") = "UvlotApplication", "UvlotApplication\UvlotApplication.csproj", "{DC88DE77-261D-4966-B7EB-613547713260}"
EndProject
Project("{FAE04EC0-301F-11D3-BF4B-00C04F79EFBC}") = "DataAccessLayerT", "DataAccessLayerT\DataAccessLayerT.csproj", "{F804E4EB-A3EA-44D4-8D8C-01DB6B069B24}"
EndProject
Project("{FAE04EC0-301F-11D3-BF4B-00C04F79EFBC}") = "ServiceApp", "ServiceApp\ServiceApp.csproj", "{5D357A8C-8228-468E-B509-8ABA0C424AAB}"
EndProject
Global
	GlobalSection(SolutionConfigurationPlatforms) = preSolution
		Debug|Any CPU = Debug|Any CPU
		Release|Any CPU = Release|Any CPU
	EndGlobalSection
	GlobalSection(ProjectConfigurationPlatforms) = postSolution
		{DC88DE77-261D-4966-B7EB-613547713260}.Debug|Any CPU.ActiveCfg = Debug|Any CPU
		{DC88DE77-261D-4966-B7EB-613547713260}.Debug|Any CPU.Build.0 = Debug|Any CPU
		{DC88DE77-261D-4966-B7EB-613547713260}.Release|Any CPU.ActiveCfg = Release|Any CPU
		{DC88DE77-261D-4966-B7EB-613547713260}.Release|Any CPU.Build.0 = Release|Any CPU
		{F804E4EB-A3EA-44D4-8D8C-01DB6B069B24}.Debug|Any CPU.ActiveCfg = Debug|Any CPU
		{F804E4EB-A3EA-44D4-8D8C-01DB6B069B24}.Debug|Any CPU.Build.0 = Debug|Any CPU
		{F804E4EB-A3EA-44D4-8D8C-01DB6B069B24}.Release|Any CPU.ActiveCfg = Release|Any CPU
		{F804E4EB-A3EA-44D4-8D8C-01DB6B069B24}.Release|Any CPU.Build.0 = Release|Any CPU
		{5D357A8C-8228-468E-B509-8ABA0C424AAB}.Debug|Any CPU.ActiveCfg = Debug|Any CPU
		{5D357A8C-8228-468E-B509-8ABA0C424AAB}.Debug|Any CPU.Build.0 = Debug|Any CPU
		{5D357A8C-8228-468E-B509-8ABA0C424AAB}.Release|Any CPU.ActiveCfg = Release|Any CPU
		{5D357A8C-8228-468E-B509-8ABA0C424AAB}.Release|Any CPU.Build.0 = Release|Any CPU
	EndGlobalSection
	GlobalSection(SolutionProperties) = preSolution
		HideSolutionNode = FALSE
	EndGlobalSection
EndGlobal
